Microsoft Visual Studio Solution File, Format Version 11.00
# Visual Studio 2010
Project("{FAE04EC0-301F-11D3-BF4B-00C04F79EFBC}") = "Assembly-CSharp", "Assembly-CSharp.csproj", "{D1D96537-C1CD-9EA9-0FFA-3627DF6E2E9A}"
EndProject
Project("{FAE04EC0-301F-11D3-BF4B-00C04F79EFBC}") = "Assembly-CSharp-firstpass", "Assembly-CSharp-firstpass.csproj", "{8956F3DF-1E62-0F77-851A-0497A7ABB60C}"
EndProject
Project("{FAE04EC0-301F-11D3-BF4B-00C04F79EFBC}") = "Assembly-CSharp-Editor-firstpass", "Assembly-CSharp-Editor-firstpass.csproj", "{008A8EA8-0E86-26EE-46B4-D352D2D7A030}"
EndProject
Project("{FAE04EC0-301F-11D3-BF4B-00C04F79EFBC}") = "Assembly-CSharp-Editor", "Assembly-CSharp-Editor.csproj", "{A673A059-4089-728C-0686-9A2CF4AEEBEA}"
EndProject
Global
	GlobalSection(SolutionConfigurationPlatforms) = preSolution
		Debug|Any CPU = Debug|Any CPU
		Release|Any CPU = Release|Any CPU
	EndGlobalSection
	GlobalSection(ProjectConfigurationPlatforms) = postSolution
		{D1D96537-C1CD-9EA9-0FFA-3627DF6E2E9A}.Debug|Any CPU.ActiveCfg = Debug|Any CPU
		{D1D96537-C1CD-9EA9-0FFA-3627DF6E2E9A}.Debug|Any CPU.Build.0 = Debug|Any CPU
		{D1D96537-C1CD-9EA9-0FFA-3627DF6E2E9A}.Release|Any CPU.ActiveCfg = Release|Any CPU
		{D1D96537-C1CD-9EA9-0FFA-3627DF6E2E9A}.Release|Any CPU.Build.0 = Release|Any CPU
		{8956F3DF-1E62-0F77-851A-0497A7ABB60C}.Debug|Any CPU.ActiveCfg = Debug|Any CPU
		{8956F3DF-1E62-0F77-851A-0497A7ABB60C}.Debug|Any CPU.Build.0 = Debug|Any CPU
		{8956F3DF-1E62-0F77-851A-0497A7ABB60C}.Release|Any CPU.ActiveCfg = Release|Any CPU
		{8956F3DF-1E62-0F77-851A-0497A7ABB60C}.Release|Any CPU.Build.0 = Release|Any CPU
		{008A8EA8-0E86-26EE-46B4-D352D2D7A030}.Debug|Any CPU.ActiveCfg = Debug|Any CPU
		{008A8EA8-0E86-26EE-46B4-D352D2D7A030}.Debug|Any CPU.Build.0 = Debug|Any CPU
		{008A8EA8-0E86-26EE-46B4-D352D2D7A030}.Release|Any CPU.ActiveCfg = Release|Any CPU
		{008A8EA8-0E86-26EE-46B4-D352D2D7A030}.Release|Any CPU.Build.0 = Release|Any CPU
		{A673A059-4089-728C-0686-9A2CF4AEEBEA}.Debug|Any CPU.ActiveCfg = Debug|Any CPU
		{A673A059-4089-728C-0686-9A2CF4AEEBEA}.Debug|Any CPU.Build.0 = Debug|Any CPU
		{A673A059-4089-728C-0686-9A2CF4AEEBEA}.Release|Any CPU.ActiveCfg = Release|Any CPU
		{A673A059-4089-728C-0686-9A2CF4AEEBEA}.Release|Any CPU.Build.0 = Release|Any CPU
	EndGlobalSection
	GlobalSection(SolutionProperties) = preSolution
		HideSolutionNode = FALSE
	EndGlobalSection
EndGlobal
